
Microsoft Visual Studio Solution File, Format Version 12.00
# Visual Studio 15
VisualStudioVersion = 15.0.28010.0
MinimumVisualStudioVersion = 10.0.40219.1
Project("{FAE04EC0-301F-11D3-BF4B-00C04F79EFBC}") = "Server", "Server\Server.csproj", "{214368D5-7B94-4638-933E-4FAE1979067B}"
EndProject
Global
	GlobalSection(SolutionConfigurationPlatforms) = preSolution
		Debug|Any CPU = Debug|Any CPU
		Release|Any CPU = Release|Any CPU
	EndGlobalSection
	GlobalSection(ProjectConfigurationPlatforms) = postSolution
		{214368D5-7B94-4638-933E-4FAE1979067B}.Debug|Any CPU.ActiveCfg = Debug|Any CPU
		{214368D5-7B94-4638-933E-4FAE1979067B}.Debug|Any CPU.Build.0 = Debug|Any CPU
		{214368D5-7B94-4638-933E-4FAE1979067B}.Release|Any CPU.ActiveCfg = Release|Any CPU
		{214368D5-7B94-4638-933E-4FAE1979067B}.Release|Any CPU.Build.0 = Release|Any CPU
	EndGlobalSection
	GlobalSection(SolutionProperties) = preSolution
		HideSolutionNode = FALSE
	EndGlobalSection
	GlobalSection(ExtensibilityGlobals) = postSolution
		SolutionGuid = {9803D9DE-469B-4E06-BF05-1D8A25010E56}
	EndGlobalSection
EndGlobal
