
Microsoft Visual Studio Solution File, Format Version 12.00
# Visual Studio 15
VisualStudioVersion = 15.0.28010.0
MinimumVisualStudioVersion = 10.0.40219.1
Project("{FAE04EC0-301F-11D3-BF4B-00C04F79EFBC}") = "Single_Client_Server", "Single_Client_Server\Single_Client_Server.csproj", "{923AEFA1-137A-4193-9935-70EF36D4CE04}"
EndProject
Global
	GlobalSection(SolutionConfigurationPlatforms) = preSolution
		Debug|Any CPU = Debug|Any CPU
		Release|Any CPU = Release|Any CPU
	EndGlobalSection
	GlobalSection(ProjectConfigurationPlatforms) = postSolution
		{923AEFA1-137A-4193-9935-70EF36D4CE04}.Debug|Any CPU.ActiveCfg = Debug|Any CPU
		{923AEFA1-137A-4193-9935-70EF36D4CE04}.Debug|Any CPU.Build.0 = Debug|Any CPU
		{923AEFA1-137A-4193-9935-70EF36D4CE04}.Release|Any CPU.ActiveCfg = Release|Any CPU
		{923AEFA1-137A-4193-9935-70EF36D4CE04}.Release|Any CPU.Build.0 = Release|Any CPU
	EndGlobalSection
	GlobalSection(SolutionProperties) = preSolution
		HideSolutionNode = FALSE
	EndGlobalSection
	GlobalSection(ExtensibilityGlobals) = postSolution
		SolutionGuid = {75F12E60-DB4C-4BB0-81A4-8A3A760346EB}
	EndGlobalSection
EndGlobal
