
Microsoft Visual Studio Solution File, Format Version 12.00
# Visual Studio 15
VisualStudioVersion = 15.0.28010.0
MinimumVisualStudioVersion = 10.0.40219.1
Project("{FAE04EC0-301F-11D3-BF4B-00C04F79EFBC}") = "ClientSecond", "ClientSecond\ClientSecond.csproj", "{976F312E-5B59-4B49-88FE-F23A47E30808}"
EndProject
Global
	GlobalSection(SolutionConfigurationPlatforms) = preSolution
		Debug|Any CPU = Debug|Any CPU
		Release|Any CPU = Release|Any CPU
	EndGlobalSection
	GlobalSection(ProjectConfigurationPlatforms) = postSolution
		{976F312E-5B59-4B49-88FE-F23A47E30808}.Debug|Any CPU.ActiveCfg = Debug|Any CPU
		{976F312E-5B59-4B49-88FE-F23A47E30808}.Debug|Any CPU.Build.0 = Debug|Any CPU
		{976F312E-5B59-4B49-88FE-F23A47E30808}.Release|Any CPU.ActiveCfg = Release|Any CPU
		{976F312E-5B59-4B49-88FE-F23A47E30808}.Release|Any CPU.Build.0 = Release|Any CPU
	EndGlobalSection
	GlobalSection(SolutionProperties) = preSolution
		HideSolutionNode = FALSE
	EndGlobalSection
	GlobalSection(ExtensibilityGlobals) = postSolution
		SolutionGuid = {A4ED255B-5EAC-4F71-933F-9296628C1BF2}
	EndGlobalSection
EndGlobal
