
Microsoft Visual Studio Solution File, Format Version 12.00
# Visual Studio 15
VisualStudioVersion = 15.0.28010.0
MinimumVisualStudioVersion = 10.0.40219.1
Project("{FAE04EC0-301F-11D3-BF4B-00C04F79EFBC}") = "Multi_Client_Server_Socket", "Multi_Client_Server_Socket\Multi_Client_Server_Socket.csproj", "{87616674-76FA-4D13-AD49-1F02D830BDF6}"
EndProject
Global
	GlobalSection(SolutionConfigurationPlatforms) = preSolution
		Debug|Any CPU = Debug|Any CPU
		Release|Any CPU = Release|Any CPU
	EndGlobalSection
	GlobalSection(ProjectConfigurationPlatforms) = postSolution
		{87616674-76FA-4D13-AD49-1F02D830BDF6}.Debug|Any CPU.ActiveCfg = Debug|Any CPU
		{87616674-76FA-4D13-AD49-1F02D830BDF6}.Debug|Any CPU.Build.0 = Debug|Any CPU
		{87616674-76FA-4D13-AD49-1F02D830BDF6}.Release|Any CPU.ActiveCfg = Release|Any CPU
		{87616674-76FA-4D13-AD49-1F02D830BDF6}.Release|Any CPU.Build.0 = Release|Any CPU
	EndGlobalSection
	GlobalSection(SolutionProperties) = preSolution
		HideSolutionNode = FALSE
	EndGlobalSection
	GlobalSection(ExtensibilityGlobals) = postSolution
		SolutionGuid = {93EFC7D9-B1C1-4238-B2B7-DB5F8ABECE5B}
	EndGlobalSection
EndGlobal
